
Microsoft Visual Studio Solution File, Format Version 12.00
# Visual Studio Version 16
VisualStudioVersion = 16.0.31624.102
MinimumVisualStudioVersion = 10.0.40219.1
Project("{FAE04EC0-301F-11D3-BF4B-00C04F79EFBC}") = "LINQ", "LINQ\LINQ.csproj", "{5808CA94-37C3-477E-9C7E-DFEF6815C9A8}"
EndProject
Global
	GlobalSection(SolutionConfigurationPlatforms) = preSolution
		Debug|Any CPU = Debug|Any CPU
		Release|Any CPU = Release|Any CPU
	EndGlobalSection
	GlobalSection(ProjectConfigurationPlatforms) = postSolution
		{5808CA94-37C3-477E-9C7E-DFEF6815C9A8}.Debug|Any CPU.ActiveCfg = Debug|Any CPU
		{5808CA94-37C3-477E-9C7E-DFEF6815C9A8}.Debug|Any CPU.Build.0 = Debug|Any CPU
		{5808CA94-37C3-477E-9C7E-DFEF6815C9A8}.Release|Any CPU.ActiveCfg = Release|Any CPU
		{5808CA94-37C3-477E-9C7E-DFEF6815C9A8}.Release|Any CPU.Build.0 = Release|Any CPU
	EndGlobalSection
	GlobalSection(SolutionProperties) = preSolution
		HideSolutionNode = FALSE
	EndGlobalSection
	GlobalSection(ExtensibilityGlobals) = postSolution
		SolutionGuid = {5FBF9836-75F8-43E1-AF48-07947FC8F6B5}
	EndGlobalSection
EndGlobal
